
Microsoft Visual Studio Solution File, Format Version 12.00
# Visual Studio Version 16
VisualStudioVersion = 16.0.30517.126
MinimumVisualStudioVersion = 10.0.40219.1
Project("{FAE04EC0-301F-11D3-BF4B-00C04F79EFBC}") = "Entidades", "Entidades\Entidades.csproj", "{A50DAF19-C09B-49C1-BE53-44102B0E81A9}"
EndProject
Project("{FAE04EC0-301F-11D3-BF4B-00C04F79EFBC}") = "Formularios", "Formularios\Formularios.csproj", "{CA8E2E00-6266-42E9-9BFF-7534A7AE66F4}"
EndProject
Project("{FAE04EC0-301F-11D3-BF4B-00C04F79EFBC}") = "Excepciones", "Excepciones\Excepciones.csproj", "{4C919D60-C8CE-4F1C-A9AD-7299D3ED69CE}"
EndProject
Project("{FAE04EC0-301F-11D3-BF4B-00C04F79EFBC}") = "Archivos", "Archivos\Archivos.csproj", "{A05BC4FA-90CE-4F7B-A0CD-79A2ABB29E87}"
EndProject
Project("{FAE04EC0-301F-11D3-BF4B-00C04F79EFBC}") = "TestUnitarios", "TestUnitarios\TestUnitarios.csproj", "{BC1BFCF2-5F37-4CE8-940C-FFEA3ECC751A}"
EndProject
Global
	GlobalSection(SolutionConfigurationPlatforms) = preSolution
		Debug|Any CPU = Debug|Any CPU
		Release|Any CPU = Release|Any CPU
	EndGlobalSection
	GlobalSection(ProjectConfigurationPlatforms) = postSolution
		{A50DAF19-C09B-49C1-BE53-44102B0E81A9}.Debug|Any CPU.ActiveCfg = Debug|Any CPU
		{A50DAF19-C09B-49C1-BE53-44102B0E81A9}.Debug|Any CPU.Build.0 = Debug|Any CPU
		{A50DAF19-C09B-49C1-BE53-44102B0E81A9}.Release|Any CPU.ActiveCfg = Release|Any CPU
		{A50DAF19-C09B-49C1-BE53-44102B0E81A9}.Release|Any CPU.Build.0 = Release|Any CPU
		{CA8E2E00-6266-42E9-9BFF-7534A7AE66F4}.Debug|Any CPU.ActiveCfg = Debug|Any CPU
		{CA8E2E00-6266-42E9-9BFF-7534A7AE66F4}.Debug|Any CPU.Build.0 = Debug|Any CPU
		{CA8E2E00-6266-42E9-9BFF-7534A7AE66F4}.Release|Any CPU.ActiveCfg = Release|Any CPU
		{CA8E2E00-6266-42E9-9BFF-7534A7AE66F4}.Release|Any CPU.Build.0 = Release|Any CPU
		{4C919D60-C8CE-4F1C-A9AD-7299D3ED69CE}.Debug|Any CPU.ActiveCfg = Debug|Any CPU
		{4C919D60-C8CE-4F1C-A9AD-7299D3ED69CE}.Debug|Any CPU.Build.0 = Debug|Any CPU
		{4C919D60-C8CE-4F1C-A9AD-7299D3ED69CE}.Release|Any CPU.ActiveCfg = Release|Any CPU
		{4C919D60-C8CE-4F1C-A9AD-7299D3ED69CE}.Release|Any CPU.Build.0 = Release|Any CPU
		{A05BC4FA-90CE-4F7B-A0CD-79A2ABB29E87}.Debug|Any CPU.ActiveCfg = Debug|Any CPU
		{A05BC4FA-90CE-4F7B-A0CD-79A2ABB29E87}.Debug|Any CPU.Build.0 = Debug|Any CPU
		{A05BC4FA-90CE-4F7B-A0CD-79A2ABB29E87}.Release|Any CPU.ActiveCfg = Release|Any CPU
		{A05BC4FA-90CE-4F7B-A0CD-79A2ABB29E87}.Release|Any CPU.Build.0 = Release|Any CPU
		{BC1BFCF2-5F37-4CE8-940C-FFEA3ECC751A}.Debug|Any CPU.ActiveCfg = Debug|Any CPU
		{BC1BFCF2-5F37-4CE8-940C-FFEA3ECC751A}.Debug|Any CPU.Build.0 = Debug|Any CPU
		{BC1BFCF2-5F37-4CE8-940C-FFEA3ECC751A}.Release|Any CPU.ActiveCfg = Release|Any CPU
		{BC1BFCF2-5F37-4CE8-940C-FFEA3ECC751A}.Release|Any CPU.Build.0 = Release|Any CPU
	EndGlobalSection
	GlobalSection(SolutionProperties) = preSolution
		HideSolutionNode = FALSE
	EndGlobalSection
	GlobalSection(ExtensibilityGlobals) = postSolution
		SolutionGuid = {726A202B-E93F-493E-A94E-FF96DF9F0C9C}
	EndGlobalSection
EndGlobal
